{
  "name": "megaanticheat-master",
  "version": "1.0.0",
  "lockfileVersion": 2,
  "requires": true,
  "packages": {
    "": {
      "name": "megaanticheat-master",
      "version": "1.0.0",
      "license": "GPL-3.0-or-later",
      "dependencies": {
        "mcd-demo-parser": "file:demo-parser/pkg",
        "megaanticheat": "file:.."
      }
    },
    "node_modules/mcd-demo-parser": {
      "version": "0.1.0",
      "resolved": "file:demo-parser/pkg"
    },
    "node_modules/megaanticheat": {
      "resolved": "file:.."
    }
  },
  "dependencies": {
    "mcd-demo-parser": {
      "version": "0.1.0"
    },
    "megaanticheat": {}
  }
}
